{
  "originHash" : "5ca6139fd698a1838892093ed5ecd0ff1f500f025b1ffdc141fdd14fc476a789",
  "pins" : [
    {
      "identity" : "codextended",
      "kind" : "remoteSourceControl",
      "location" : "https://github.com/alandeguz/codextended.git",
      "state" : {
        "branch" : "master",
        "revision" : "0520b3d9a1a71c761c5837301b1bedbad9625f3d"
      }
    },
    {
      "identity" : "collectionconcurrencykit",
      "kind" : "remoteSourceControl",
      "location" : "https://github.com/alandeguz/collectionConcurrencyKit.git",
      "state" : {
        "branch" : "main",
        "revision" : "c0fe5be93f889a28b384692da6a5b7013bb519a3"
      }
    },
    {
      "identity" : "files",
      "kind" : "remoteSourceControl",
      "location" : "https://github.com/alandeguz/files.git",
      "state" : {
        "branch" : "master",
        "revision" : "cff3845fb983b18eb00801b526a95d2a26adfd6e"
      }
    },
    {
      "identity" : "ink",
      "kind" : "remoteSourceControl",
      "location" : "https://github.com/alandeguz/ink.git",
      "state" : {
        "branch" : "master",
        "revision" : "ba03f5a6daaf3898933050df038a09fe43557b7e"
      }
    },
    {
      "identity" : "plot",
      "kind" : "remoteSourceControl",
      "location" : "https://github.com/alandeguz/plot.git",
      "state" : {
        "branch" : "master",
        "revision" : "8f04ca95ba28fec5996dfff8d5dbce991c039c23"
      }
    },
    {
      "identity" : "shellout",
      "kind" : "remoteSourceControl",
      "location" : "https://github.com/alandeguz/shellout.git",
      "state" : {
        "branch" : "master",
        "revision" : "f683e6ca4d454b1e7e8e796d01ae05f8e8d96588"
      }
    },
    {
      "identity" : "sweep",
      "kind" : "remoteSourceControl",
      "location" : "https://github.com/alandeguz/sweep.git",
      "state" : {
        "branch" : "main",
        "revision" : "fb166497b55dc78b6193e76638e7b3bd2a668956"
      }
    }
  ],
  "version" : 3
}
